{
  "name": "vuepress-offline",
  "version": "0.1.0",
  "lockfileVersion": 1,
  "requires": true,
  "dependencies": {
    "argparse": {
      "version": "2.0.1",
      "resolved": "https://registry.nlark.com/argparse/download/argparse-2.0.1.tgz",
      "integrity": "sha1-JG9Q88p4oyQPbJl+ipvR6sSeSzg=",
      "dev": true
    },
    "atob": {
      "version": "2.1.2",
      "resolved": "https://registry.npm.taobao.org/atob/download/atob-2.1.2.tgz",
      "integrity": "sha1-bZUX654DDSQ2ZmZR6GvZ9vE1M8k=",
      "dev": true
    },
    "boolbase": {
      "version": "1.0.0",
      "resolved": "https://registry.npm.taobao.org/boolbase/download/boolbase-1.0.0.tgz",
      "integrity": "sha1-aN/1++YMUes3cl6p4+0xDcwed24=",
      "dev": true
    },
    "cheerio": {
      "version": "1.0.0-rc.10",
      "resolved": "https://registry.nlark.com/cheerio/download/cheerio-1.0.0-rc.10.tgz?cache=0&sync_timestamp=1623167701954&other_urls=https%3A%2F%2Fregistry.nlark.com%2Fcheerio%2Fdownload%2Fcheerio-1.0.0-rc.10.tgz",
      "integrity": "sha1-K6Pc38wm55VvwfRA5h1RxkM3nz4=",
      "dev": true,
      "requires": {
        "cheerio-select": "^1.5.0",
        "dom-serializer": "^1.3.2",
        "domhandler": "^4.2.0",
        "htmlparser2": "^6.1.0",
        "parse5": "^6.0.1",
        "parse5-htmlparser2-tree-adapter": "^6.0.1",
        "tslib": "^2.2.0"
      }
    },
    "cheerio-select": {
      "version": "1.5.0",
      "resolved": "https://registry.nlark.com/cheerio-select/download/cheerio-select-1.5.0.tgz",
      "integrity": "sha1-+vPa6zGxfF4anavO4oiq+Kr6WCM=",
      "dev": true,
      "requires": {
        "css-select": "^4.1.3",
        "css-what": "^5.0.1",
        "domelementtype": "^2.2.0",
        "domhandler": "^4.2.0",
        "domutils": "^2.7.0"
      }
    },
    "css": {
      "version": "3.0.0",
      "resolved": "https://registry.npm.taobao.org/css/download/css-3.0.0.tgz",
      "integrity": "sha1-REek1Y/dAzZ8UWyp9krjZc7kql0=",
      "dev": true,
      "requires": {
        "inherits": "^2.0.4",
        "source-map": "^0.6.1",
        "source-map-resolve": "^0.6.0"
      }
    },
    "css-select": {
      "version": "4.1.3",
      "resolved": "https://registry.nlark.com/css-select/download/css-select-4.1.3.tgz?cache=0&sync_timestamp=1622994276976&other_urls=https%3A%2F%2Fregistry.nlark.com%2Fcss-select%2Fdownload%2Fcss-select-4.1.3.tgz",
      "integrity": "sha1-pwRA9wMX8maRGK10/xBeZYSccGc=",
      "dev": true,
      "requires": {
        "boolbase": "^1.0.0",
        "css-what": "^5.0.0",
        "domhandler": "^4.2.0",
        "domutils": "^2.6.0",
        "nth-check": "^2.0.0"
      }
    },
    "css-what": {
      "version": "5.0.1",
      "resolved": "https://registry.nlark.com/css-what/download/css-what-5.0.1.tgz?cache=0&sync_timestamp=1622227760882&other_urls=https%3A%2F%2Fregistry.nlark.com%2Fcss-what%2Fdownload%2Fcss-what-5.0.1.tgz",
      "integrity": "sha1-PvqCATH0ZpqKwkCPnDLnx96fTK0=",
      "dev": true
    },
    "decode-uri-component": {
      "version": "0.2.0",
      "resolved": "https://registry.npm.taobao.org/decode-uri-component/download/decode-uri-component-0.2.0.tgz",
      "integrity": "sha1-6zkTMzRYd1y4TNGh+uBiEGu4dUU=",
      "dev": true
    },
    "dom-serializer": {
      "version": "1.3.2",
      "resolved": "https://registry.nlark.com/dom-serializer/download/dom-serializer-1.3.2.tgz?cache=0&sync_timestamp=1621256918158&other_urls=https%3A%2F%2Fregistry.nlark.com%2Fdom-serializer%2Fdownload%2Fdom-serializer-1.3.2.tgz",
      "integrity": "sha1-YgZDfTLO767HFhgDIwx6ILwbTZE=",
      "dev": true,
      "requires": {
        "domelementtype": "^2.0.1",
        "domhandler": "^4.2.0",
        "entities": "^2.0.0"
      }
    },
    "domelementtype": {
      "version": "2.2.0",
      "resolved": "https://registry.npm.taobao.org/domelementtype/download/domelementtype-2.2.0.tgz",
      "integrity": "sha1-mgtsJ4LtahxzI9QiZxg9+b2LHVc=",
      "dev": true
    },
    "domhandler": {
      "version": "4.2.0",
      "resolved": "https://registry.nlark.com/domhandler/download/domhandler-4.2.0.tgz",
      "integrity": "sha1-+XaKXwNL5gqJonwuTQ9066DYsFk=",
      "dev": true,
      "requires": {
        "domelementtype": "^2.2.0"
      }
    },
    "domutils": {
      "version": "2.7.0",
      "resolved": "https://registry.nlark.com/domutils/download/domutils-2.7.0.tgz?cache=0&other_urls=https%3A%2F%2Fregistry.nlark.com%2Fdomutils%2Fdownload%2Fdomutils-2.7.0.tgz",
      "integrity": "sha1-jrrwxB66/PVbC3LsMcVjI3EsVEI=",
      "dev": true,
      "requires": {
        "dom-serializer": "^1.0.1",
        "domelementtype": "^2.2.0",
        "domhandler": "^4.2.0"
      }
    },
    "entities": {
      "version": "2.2.0",
      "resolved": "https://registry.nlark.com/entities/download/entities-2.2.0.tgz",
      "integrity": "sha1-CY3JDruD2N/6CJ1VJWs1HTTE2lU=",
      "dev": true
    },
    "foreachasync": {
      "version": "3.0.0",
      "resolved": "https://registry.nlark.com/foreachasync/download/foreachasync-3.0.0.tgz",
      "integrity": "sha1-VQKYfchxS+M5IJfzLgBxyd7gfPY=",
      "dev": true
    },
    "htmlparser2": {
      "version": "6.1.0",
      "resolved": "https://registry.nlark.com/htmlparser2/download/htmlparser2-6.1.0.tgz",
      "integrity": "sha1-xNditsM3GgXb5l6UrkOp+EX7j7c=",
      "dev": true,
      "requires": {
        "domelementtype": "^2.0.1",
        "domhandler": "^4.0.0",
        "domutils": "^2.5.2",
        "entities": "^2.0.0"
      }
    },
    "inherits": {
      "version": "2.0.4",
      "resolved": "https://registry.npm.taobao.org/inherits/download/inherits-2.0.4.tgz",
      "integrity": "sha1-D6LGT5MpF8NDOg3tVTY6rjdBa3w=",
      "dev": true
    },
    "is-absolute-url": {
      "version": "3.0.3",
      "resolved": "https://registry.npm.taobao.org/is-absolute-url/download/is-absolute-url-3.0.3.tgz",
      "integrity": "sha1-lsaiK2ojkpsR6gr7GDbDatSl1pg=",
      "dev": true
    },
    "is-url": {
      "version": "1.2.4",
      "resolved": "https://registry.npm.taobao.org/is-url/download/is-url-1.2.4.tgz",
      "integrity": "sha1-BKTfRtKMTP89c9Af8Gq+sxihqlI=",
      "dev": true
    },
    "nth-check": {
      "version": "2.0.0",
      "resolved": "https://registry.npm.taobao.org/nth-check/download/nth-check-2.0.0.tgz?cache=0&sync_timestamp=1606860944410&other_urls=https%3A%2F%2Fregistry.npm.taobao.org%2Fnth-check%2Fdownload%2Fnth-check-2.0.0.tgz",
      "integrity": "sha1-G7T22scAcvwxPoyc0UF7UHTAoSU=",
      "dev": true,
      "requires": {
        "boolbase": "^1.0.0"
      }
    },
    "parse5": {
      "version": "6.0.1",
      "resolved": "https://registry.nlark.com/parse5/download/parse5-6.0.1.tgz",
      "integrity": "sha1-4aHAhcVps9wIMhGE8Zo5zCf3wws=",
      "dev": true
    },
    "parse5-htmlparser2-tree-adapter": {
      "version": "6.0.1",
      "resolved": "https://registry.nlark.com/parse5-htmlparser2-tree-adapter/download/parse5-htmlparser2-tree-adapter-6.0.1.tgz",
      "integrity": "sha1-LN+a2CMyEUA3DU2/XT6Sx8jdxuY=",
      "dev": true,
      "requires": {
        "parse5": "^6.0.1"
      }
    },
    "source-map": {
      "version": "0.6.1",
      "resolved": "https://registry.npm.taobao.org/source-map/download/source-map-0.6.1.tgz",
      "integrity": "sha1-dHIq8y6WFOnCh6jQu95IteLxomM=",
      "dev": true
    },
    "source-map-resolve": {
      "version": "0.6.0",
      "resolved": "https://registry.npm.taobao.org/source-map-resolve/download/source-map-resolve-0.6.0.tgz",
      "integrity": "sha1-PZ34fiNrU/FtAeWBUPx3EROOXtI=",
      "dev": true,
      "requires": {
        "atob": "^2.1.2",
        "decode-uri-component": "^0.2.0"
      }
    },
    "tslib": {
      "version": "2.2.0",
      "resolved": "https://registry.nlark.com/tslib/download/tslib-2.2.0.tgz?cache=0&sync_timestamp=1618847132149&other_urls=https%3A%2F%2Fregistry.nlark.com%2Ftslib%2Fdownload%2Ftslib-2.2.0.tgz",
      "integrity": "sha1-+yxHWXfjXiQTEe3iaTzuHsZpj1w=",
      "dev": true
    },
    "walk": {
      "version": "2.3.14",
      "resolved": "https://registry.npm.taobao.org/walk/download/walk-2.3.14.tgz",
      "integrity": "sha1-YOyGMc/SMnauHnNjzhHWJkUuHvM=",
      "dev": true,
      "requires": {
        "foreachasync": "^3.0.0"
      }
    }
  }
}
